
Microsoft Visual Studio Solution File, Format Version 12.00
# Visual Studio Version 17
VisualStudioVersion = 17.10.34928.147
MinimumVisualStudioVersion = 10.0.40219.1
Project("{9A19103F-16F7-4668-BE54-9A1E7A4F7556}") = "Client", "Client\Client.csproj", "{1CE8B59F-56E5-40DB-AA6D-EF47120F8036}"
EndProject
Project("{9A19103F-16F7-4668-BE54-9A1E7A4F7556}") = "Sever", "Sever\Sever.csproj", "{78FFC626-94D6-472E-A7A8-4DC5054017D4}"
EndProject
Global
	GlobalSection(SolutionConfigurationPlatforms) = preSolution
		Debug|Any CPU = Debug|Any CPU
		Release|Any CPU = Release|Any CPU
	EndGlobalSection
	GlobalSection(ProjectConfigurationPlatforms) = postSolution
		{1CE8B59F-56E5-40DB-AA6D-EF47120F8036}.Debug|Any CPU.ActiveCfg = Debug|Any CPU
		{1CE8B59F-56E5-40DB-AA6D-EF47120F8036}.Debug|Any CPU.Build.0 = Debug|Any CPU
		{1CE8B59F-56E5-40DB-AA6D-EF47120F8036}.Release|Any CPU.ActiveCfg = Release|Any CPU
		{1CE8B59F-56E5-40DB-AA6D-EF47120F8036}.Release|Any CPU.Build.0 = Release|Any CPU
		{78FFC626-94D6-472E-A7A8-4DC5054017D4}.Debug|Any CPU.ActiveCfg = Debug|Any CPU
		{78FFC626-94D6-472E-A7A8-4DC5054017D4}.Debug|Any CPU.Build.0 = Debug|Any CPU
		{78FFC626-94D6-472E-A7A8-4DC5054017D4}.Release|Any CPU.ActiveCfg = Release|Any CPU
		{78FFC626-94D6-472E-A7A8-4DC5054017D4}.Release|Any CPU.Build.0 = Release|Any CPU
	EndGlobalSection
	GlobalSection(SolutionProperties) = preSolution
		HideSolutionNode = FALSE
	EndGlobalSection
	GlobalSection(ExtensibilityGlobals) = postSolution
		SolutionGuid = {611E5FB8-4190-4B10-9C33-59D9E8E0E61D}
	EndGlobalSection
EndGlobal
